
Microsoft Visual Studio Solution File, Format Version 12.00
# Visual Studio Version 17
VisualStudioVersion = 17.5.33414.496
MinimumVisualStudioVersion = 10.0.40219.1
Project("{FAE04EC0-301F-11D3-BF4B-00C04F79EFBC}") = "TreeEditDifference", "TreeEditDifference\TreeEditDifference.csproj", "{A326EA3E-86EB-4491-9AC3-64DA0FA50979}"
EndProject
Project("{FAE04EC0-301F-11D3-BF4B-00C04F79EFBC}") = "UnitTests", "UnitTests\UnitTests.csproj", "{846040D3-BCBD-4762-8909-D4B5111FFC13}"
EndProject
Global
	GlobalSection(SolutionConfigurationPlatforms) = preSolution
		Debug|Any CPU = Debug|Any CPU
		Release|Any CPU = Release|Any CPU
	EndGlobalSection
	GlobalSection(ProjectConfigurationPlatforms) = postSolution
		{A326EA3E-86EB-4491-9AC3-64DA0FA50979}.Debug|Any CPU.ActiveCfg = Debug|Any CPU
		{A326EA3E-86EB-4491-9AC3-64DA0FA50979}.Debug|Any CPU.Build.0 = Debug|Any CPU
		{A326EA3E-86EB-4491-9AC3-64DA0FA50979}.Release|Any CPU.ActiveCfg = Release|Any CPU
		{A326EA3E-86EB-4491-9AC3-64DA0FA50979}.Release|Any CPU.Build.0 = Release|Any CPU
		{846040D3-BCBD-4762-8909-D4B5111FFC13}.Debug|Any CPU.ActiveCfg = Debug|Any CPU
		{846040D3-BCBD-4762-8909-D4B5111FFC13}.Debug|Any CPU.Build.0 = Debug|Any CPU
		{846040D3-BCBD-4762-8909-D4B5111FFC13}.Release|Any CPU.ActiveCfg = Release|Any CPU
		{846040D3-BCBD-4762-8909-D4B5111FFC13}.Release|Any CPU.Build.0 = Release|Any CPU
	EndGlobalSection
	GlobalSection(SolutionProperties) = preSolution
		HideSolutionNode = FALSE
	EndGlobalSection
	GlobalSection(ExtensibilityGlobals) = postSolution
		SolutionGuid = {E668ACDB-3374-45C3-9C99-EBD7FEA6A329}
	EndGlobalSection
EndGlobal
